
Microsoft Visual Studio Solution File, Format Version 12.00
# Visual Studio Version 17
VisualStudioVersion = 17.5.33502.453
MinimumVisualStudioVersion = 10.0.40219.1
Project("{FAE04EC0-301F-11D3-BF4B-00C04F79EFBC}") = "WebAppEF", "WebAppEF\WebAppEF.csproj", "{605E2014-3029-4D51-B701-B007525E19D7}"
EndProject
Global
	GlobalSection(SolutionConfigurationPlatforms) = preSolution
		Debug|Any CPU = Debug|Any CPU
		Release|Any CPU = Release|Any CPU
	EndGlobalSection
	GlobalSection(ProjectConfigurationPlatforms) = postSolution
		{605E2014-3029-4D51-B701-B007525E19D7}.Debug|Any CPU.ActiveCfg = Debug|Any CPU
		{605E2014-3029-4D51-B701-B007525E19D7}.Debug|Any CPU.Build.0 = Debug|Any CPU
		{605E2014-3029-4D51-B701-B007525E19D7}.Release|Any CPU.ActiveCfg = Release|Any CPU
		{605E2014-3029-4D51-B701-B007525E19D7}.Release|Any CPU.Build.0 = Release|Any CPU
	EndGlobalSection
	GlobalSection(SolutionProperties) = preSolution
		HideSolutionNode = FALSE
	EndGlobalSection
	GlobalSection(ExtensibilityGlobals) = postSolution
		SolutionGuid = {E227A69E-25C3-47A0-9E65-9A48D9E533CC}
	EndGlobalSection
EndGlobal
